
Microsoft Visual Studio Solution File, Format Version 12.00
# Visual Studio Version 17
VisualStudioVersion = 17.5.002.0
MinimumVisualStudioVersion = 10.0.40219.1
Project("{9A19103F-16F7-4668-BE54-9A1E7A4F7556}") = "AsciiArt", "AsciiArt.csproj", "{8151A731-FF1B-41F2-9377-7F5783D751E4}"
EndProject
Global
	GlobalSection(SolutionConfigurationPlatforms) = preSolution
		Debug|Any CPU = Debug|Any CPU
		Release|Any CPU = Release|Any CPU
	EndGlobalSection
	GlobalSection(ProjectConfigurationPlatforms) = postSolution
		{8151A731-FF1B-41F2-9377-7F5783D751E4}.Debug|Any CPU.ActiveCfg = Debug|Any CPU
		{8151A731-FF1B-41F2-9377-7F5783D751E4}.Debug|Any CPU.Build.0 = Debug|Any CPU
		{8151A731-FF1B-41F2-9377-7F5783D751E4}.Release|Any CPU.ActiveCfg = Release|Any CPU
		{8151A731-FF1B-41F2-9377-7F5783D751E4}.Release|Any CPU.Build.0 = Release|Any CPU
	EndGlobalSection
	GlobalSection(SolutionProperties) = preSolution
		HideSolutionNode = FALSE
	EndGlobalSection
	GlobalSection(ExtensibilityGlobals) = postSolution
		SolutionGuid = {912571EA-12C1-4540-8B43-88BF68322EE6}
	EndGlobalSection
EndGlobal
